// !$*UTF8*$!
{
	archiveVersion = 1;
	classes = {
	};
	objectVersion = 56;
	objects = {

/* Begin PBXBuildFile section */
		1AAE11AC2C9B40B600AF1F39 /* AppDelegate.swift in Sources */ = {isa = PBXBuildFile; fileRef = 1AAE11AB2C9B40B600AF1F39 /* AppDelegate.swift */; };
		1AAE11AE2C9B40B600AF1F39 /* SceneDelegate.swift in Sources */ = {isa = PBXBuildFile; fileRef = 1AAE11AD2C9B40B600AF1F39 /* SceneDelegate.swift */; };
		1AAE11B02C9B40B600AF1F39 /* ViewController.swift in Sources */ = {isa = PBXBuildFile; fileRef = 1AAE11AF2C9B40B600AF1F39 /* ViewController.swift */; };
		1AAE11B52C9B40B900AF1F39 /* Assets.xcassets in Resources */ = {isa = PBXBuildFile; fileRef = 1AAE11B42C9B40B900AF1F39 /* Assets.xcassets */; };
		1AAE11B82C9B40B900AF1F39 /* Base in Resources */ = {isa = PBXBuildFile; fileRef = 1AAE11B72C9B40B900AF1F39 /* Base */; };
		1AAE11C02C9B432D00AF1F39 /* Coordinator.swift in Sources */ = {isa = PBXBuildFile; fileRef = 1AAE11BF2C9B432D00AF1F39 /* Coordinator.swift */; };
		1AAE11CE2C9B85AA00AF1F39 /* MainCoordinator.swift in Sources */ = {isa = PBXBuildFile; fileRef = 1AAE11CD2C9B85AA00AF1F39 /* MainCoordinator.swift */; };
		1AAE11D02C9B867D00AF1F39 /* MainViewController.swift in Sources */ = {isa = PBXBuildFile; fileRef = 1AAE11CF2C9B867D00AF1F39 /* MainViewController.swift */; };
/* End PBXBuildFile section */

/* Begin PBXFileReference section */
		1AAE11A82C9B40B600AF1F39 /* TennisGame.app */ = {isa = PBXFileReference; explicitFileType = wrapper.application; includeInIndex = 0; path = TennisGame.app; sourceTree = BUILT_PRODUCTS_DIR; };
		1AAE11AB2C9B40B600AF1F39 /* AppDelegate.swift */ = {isa = PBXFileReference; lastKnownFileType = sourcecode.swift; path = AppDelegate.swift; sourceTree = "<group>"; };
		1AAE11AD2C9B40B600AF1F39 /* SceneDelegate.swift */ = {isa = PBXFileReference; lastKnownFileType = sourcecode.swift; path = SceneDelegate.swift; sourceTree = "<group>"; };
		1AAE11AF2C9B40B600AF1F39 /* ViewController.swift */ = {isa = PBXFileReference; lastKnownFileType = sourcecode.swift; path = ViewController.swift; sourceTree = "<group>"; };
		1AAE11B42C9B40B900AF1F39 /* Assets.xcassets */ = {isa = PBXFileReference; lastKnownFileType = folder.assetcatalog; path = Assets.xcassets; sourceTree = "<group>"; };
		1AAE11B72C9B40B900AF1F39 /* Base */ = {isa = PBXFileReference; lastKnownFileType = file.storyboard; name = Base; path = Base.lproj/LaunchScreen.storyboard; sourceTree = "<group>"; };
		1AAE11B92C9B40B900AF1F39 /* Info.plist */ = {isa = PBXFileReference; lastKnownFileType = text.plist.xml; path = Info.plist; sourceTree = "<group>"; };
		1AAE11BF2C9B432D00AF1F39 /* Coordinator.swift */ = {isa = PBXFileReference; lastKnownFileType = sourcecode.swift; path = Coordinator.swift; sourceTree = "<group>"; };
		1AAE11CD2C9B85AA00AF1F39 /* MainCoordinator.swift */ = {isa = PBXFileReference; lastKnownFileType = sourcecode.swift; path = MainCoordinator.swift; sourceTree = "<group>"; };
		1AAE11CF2C9B867D00AF1F39 /* MainViewController.swift */ = {isa = PBXFileReference; lastKnownFileType = sourcecode.swift; path = MainViewController.swift; sourceTree = "<group>"; };
/* End PBXFileReference section */

/* Begin PBXFrameworksBuildPhase section */
		1AAE11A52C9B40B600AF1F39 /* Frameworks */ = {
			isa = PBXFrameworksBuildPhase;
			buildActionMask = 2147483647;
			files = (
			);
			runOnlyForDeploymentPostprocessing = 0;
		};
/* End PBXFrameworksBuildPhase section */

/* Begin PBXGroup section */
		1AAE119F2C9B40B600AF1F39 = {
			isa = PBXGroup;
			children = (
				1AAE11AA2C9B40B600AF1F39 /* TennisGame */,
				1AAE11A92C9B40B600AF1F39 /* Products */,
			);
			sourceTree = "<group>";
		};
		1AAE11A92C9B40B600AF1F39 /* Products */ = {
			isa = PBXGroup;
			children = (
				1AAE11A82C9B40B600AF1F39 /* TennisGame.app */,
			);
			name = Products;
			sourceTree = "<group>";
		};
		1AAE11AA2C9B40B600AF1F39 /* TennisGame */ = {
			isa = PBXGroup;
			children = (
				1AAE11C42C9B434500AF1F39 /* Coordinator */,
				1AAE11C32C9B433F00AF1F39 /* Model */,
				1AAE11C22C9B433B00AF1F39 /* View */,
				1AAE11C12C9B433400AF1F39 /* ViewModel */,
			);
			path = TennisGame;
			sourceTree = "<group>";
		};
		1AAE11C12C9B433400AF1F39 /* ViewModel */ = {
			isa = PBXGroup;
			children = (
			);
			path = ViewModel;
			sourceTree = "<group>";
		};
		1AAE11C22C9B433B00AF1F39 /* View */ = {
			isa = PBXGroup;
			children = (
				1AAE11C92C9B43FD00AF1F39 /* Main */,
				1AAE11CA2C9B440F00AF1F39 /* Settings */,
				1AAE11B62C9B40B900AF1F39 /* LaunchScreen.storyboard */,
				1AAE11AF2C9B40B600AF1F39 /* ViewController.swift */,
			);
			path = View;
			sourceTree = "<group>";
		};
		1AAE11C32C9B433F00AF1F39 /* Model */ = {
			isa = PBXGroup;
			children = (
				1AAE11C62C9B435900AF1F39 /* Support */,
				1AAE11C52C9B435100AF1F39 /* Resources */,
			);
			path = Model;
			sourceTree = "<group>";
		};
		1AAE11C42C9B434500AF1F39 /* Coordinator */ = {
			isa = PBXGroup;
			children = (
				1AAE11C82C9B43DE00AF1F39 /* MainCoordinator */,
				1AAE11BF2C9B432D00AF1F39 /* Coordinator.swift */,
			);
			path = Coordinator;
			sourceTree = "<group>";
		};
		1AAE11C52C9B435100AF1F39 /* Resources */ = {
			isa = PBXGroup;
			children = (
				1AAE11B42C9B40B900AF1F39 /* Assets.xcassets */,
			);
			path = Resources;
			sourceTree = "<group>";
		};
		1AAE11C62C9B435900AF1F39 /* Support */ = {
			isa = PBXGroup;
			children = (
				1AAE11AD2C9B40B600AF1F39 /* SceneDelegate.swift */,
				1AAE11B92C9B40B900AF1F39 /* Info.plist */,
				1AAE11AB2C9B40B600AF1F39 /* AppDelegate.swift */,
			);
			path = Support;
			sourceTree = "<group>";
		};
		1AAE11C82C9B43DE00AF1F39 /* MainCoordinator */ = {
			isa = PBXGroup;
			children = (
				1AAE11CD2C9B85AA00AF1F39 /* MainCoordinator.swift */,
			);
			path = MainCoordinator;
			sourceTree = "<group>";
		};
		1AAE11C92C9B43FD00AF1F39 /* Main */ = {
			isa = PBXGroup;
			children = (
				1AAE11CF2C9B867D00AF1F39 /* MainViewController.swift */,
			);
			path = Main;
			sourceTree = "<group>";
		};
		1AAE11CA2C9B440F00AF1F39 /* Settings */ = {
			isa = PBXGroup;
			children = (
			);
			path = Settings;
			sourceTree = "<group>";
		};
/* End PBXGroup section */

/* Begin PBXNativeTarget section */
		1AAE11A72C9B40B600AF1F39 /* TennisGame */ = {
			isa = PBXNativeTarget;
			buildConfigurationList = 1AAE11BC2C9B40B900AF1F39 /* Build configuration list for PBXNativeTarget "TennisGame" */;
			buildPhases = (
				1AAE11A42C9B40B600AF1F39 /* Sources */,
				1AAE11A52C9B40B600AF1F39 /* Frameworks */,
				1AAE11A62C9B40B600AF1F39 /* Resources */,
			);
			buildRules = (
			);
			dependencies = (
			);
			name = TennisGame;
			productName = TennisGame;
			productReference = 1AAE11A82C9B40B600AF1F39 /* TennisGame.app */;
			productType = "com.apple.product-type.application";
		};
/* End PBXNativeTarget section */

/* Begin PBXProject section */
		1AAE11A02C9B40B600AF1F39 /* Project object */ = {
			isa = PBXProject;
			attributes = {
				BuildIndependentTargetsInParallel = 1;
				LastSwiftUpdateCheck = 1540;
				LastUpgradeCheck = 1540;
				TargetAttributes = {
					1AAE11A72C9B40B600AF1F39 = {
						CreatedOnToolsVersion = 15.4;
					};
				};
			};
			buildConfigurationList = 1AAE11A32C9B40B600AF1F39 /* Build configuration list for PBXProject "TennisGame" */;
			compatibilityVersion = "Xcode 14.0";
			developmentRegion = en;
			hasScannedForEncodings = 0;
			knownRegions = (
				en,
				Base,
			);
			mainGroup = 1AAE119F2C9B40B600AF1F39;
			productRefGroup = 1AAE11A92C9B40B600AF1F39 /* Products */;
			projectDirPath = "";
			projectRoot = "";
			targets = (
				1AAE11A72C9B40B600AF1F39 /* TennisGame */,
			);
		};
/* End PBXProject section */

/* Begin PBXResourcesBuildPhase section */
		1AAE11A62C9B40B600AF1F39 /* Resources */ = {
			isa = PBXResourcesBuildPhase;
			buildActionMask = 2147483647;
			files = (
				1AAE11B52C9B40B900AF1F39 /* Assets.xcassets in Resources */,
				1AAE11B82C9B40B900AF1F39 /* Base in Resources */,
			);
			runOnlyForDeploymentPostprocessing = 0;
		};
/* End PBXResourcesBuildPhase section */

/* Begin PBXSourcesBuildPhase section */
		1AAE11A42C9B40B600AF1F39 /* Sources */ = {
			isa = PBXSourcesBuildPhase;
			buildActionMask = 2147483647;
			files = (
				1AAE11C02C9B432D00AF1F39 /* Coordinator.swift in Sources */,
				1AAE11B02C9B40B600AF1F39 /* ViewController.swift in Sources */,
				1AAE11AC2C9B40B600AF1F39 /* AppDelegate.swift in Sources */,
				1AAE11D02C9B867D00AF1F39 /* MainViewController.swift in Sources */,
				1AAE11CE2C9B85AA00AF1F39 /* MainCoordinator.swift in Sources */,
				1AAE11AE2C9B40B600AF1F39 /* SceneDelegate.swift in Sources */,
			);
			runOnlyForDeploymentPostprocessing = 0;
		};
/* End PBXSourcesBuildPhase section */

/* Begin PBXVariantGroup section */
		1AAE11B62C9B40B900AF1F39 /* LaunchScreen.storyboard */ = {
			isa = PBXVariantGroup;
			children = (
				1AAE11B72C9B40B900AF1F39 /* Base */,
			);
			name = LaunchScreen.storyboard;
			sourceTree = "<group>";
		};
/* End PBXVariantGroup section */

/* Begin XCBuildConfiguration section */
		1AAE11BA2C9B40B900AF1F39 /* Debug */ = {
			isa = XCBuildConfiguration;
			buildSettings = {
				ALWAYS_SEARCH_USER_PATHS = NO;
				ASSETCATALOG_COMPILER_GENERATE_SWIFT_ASSET_SYMBOL_EXTENSIONS = YES;
				CLANG_ANALYZER_NONNULL = YES;
				CLANG_ANALYZER_NUMBER_OBJECT_CONVERSION = YES_AGGRESSIVE;
				CLANG_CXX_LANGUAGE_STANDARD = "gnu++20";
				CLANG_ENABLE_MODULES = YES;
				CLANG_ENABLE_OBJC_ARC = YES;
				CLANG_ENABLE_OBJC_WEAK = YES;
				CLANG_WARN_BLOCK_CAPTURE_AUTORELEASING = YES;
				CLANG_WARN_BOOL_CONVERSION = YES;
				CLANG_WARN_COMMA = YES;
				CLANG_WARN_CONSTANT_CONVERSION = YES;
				CLANG_WARN_DEPRECATED_OBJC_IMPLEMENTATIONS = YES;
				CLANG_WARN_DIRECT_OBJC_ISA_USAGE = YES_ERROR;
				CLANG_WARN_DOCUMENTATION_COMMENTS = YES;
				CLANG_WARN_EMPTY_BODY = YES;
				CLANG_WARN_ENUM_CONVERSION = YES;
				CLANG_WARN_INFINITE_RECURSION = YES;
				CLANG_WARN_INT_CONVERSION = YES;
				CLANG_WARN_NON_LITERAL_NULL_CONVERSION = YES;
				CLANG_WARN_OBJC_IMPLICIT_RETAIN_SELF = YES;
				CLANG_WARN_OBJC_LITERAL_CONVERSION = YES;
				CLANG_WARN_OBJC_ROOT_CLASS = YES_ERROR;
				CLANG_WARN_QUOTED_INCLUDE_IN_FRAMEWORK_HEADER = YES;
				CLANG_WARN_RANGE_LOOP_ANALYSIS = YES;
				CLANG_WARN_STRICT_PROTOTYPES = YES;
				CLANG_WARN_SUSPICIOUS_MOVE = YES;
				CLANG_WARN_UNGUARDED_AVAILABILITY = YES_AGGRESSIVE;
				CLANG_WARN_UNREACHABLE_CODE = YES;
				CLANG_WARN__DUPLICATE_METHOD_MATCH = YES;
				COPY_PHASE_STRIP = NO;
				DEBUG_INFORMATION_FORMAT = dwarf;
				ENABLE_STRICT_OBJC_MSGSEND = YES;
				ENABLE_TESTABILITY = YES;
				ENABLE_USER_SCRIPT_SANDBOXING = YES;
				GCC_C_LANGUAGE_STANDARD = gnu17;
				GCC_DYNAMIC_NO_PIC = NO;
				GCC_NO_COMMON_BLOCKS = YES;
				GCC_OPTIMIZATION_LEVEL = 0;
				GCC_PREPROCESSOR_DEFINITIONS = (
					"DEBUG=1",
					"$(inherited)",
				);
				GCC_WARN_64_TO_32_BIT_CONVERSION = YES;
				GCC_WARN_ABOUT_RETURN_TYPE = YES_ERROR;
				GCC_WARN_UNDECLARED_SELECTOR = YES;
				GCC_WARN_UNINITIALIZED_AUTOS = YES_AGGRESSIVE;
				GCC_WARN_UNUSED_FUNCTION = YES;
				GCC_WARN_UNUSED_VARIABLE = YES;
				IPHONEOS_DEPLOYMENT_TARGET = 17.5;
				LOCALIZATION_PREFERS_STRING_CATALOGS = YES;
				MTL_ENABLE_DEBUG_INFO = INCLUDE_SOURCE;
				MTL_FAST_MATH = YES;
				ONLY_ACTIVE_ARCH = YES;
				SDKROOT = iphoneos;
				SWIFT_ACTIVE_COMPILATION_CONDITIONS = "DEBUG $(inherited)";
				SWIFT_OPTIMIZATION_LEVEL = "-Onone";
			};
			name = Debug;
		};
		1AAE11BB2C9B40B900AF1F39 /* Release */ = {
			isa = XCBuildConfiguration;
			buildSettings = {
				ALWAYS_SEARCH_USER_PATHS = NO;
				ASSETCATALOG_COMPILER_GENERATE_SWIFT_ASSET_SYMBOL_EXTENSIONS = YES;
				CLANG_ANALYZER_NONNULL = YES;
				CLANG_ANALYZER_NUMBER_OBJECT_CONVERSION = YES_AGGRESSIVE;
				CLANG_CXX_LANGUAGE_STANDARD = "gnu++20";
				CLANG_ENABLE_MODULES = YES;
				CLANG_ENABLE_OBJC_ARC = YES;
				CLANG_ENABLE_OBJC_WEAK = YES;
				CLANG_WARN_BLOCK_CAPTURE_AUTORELEASING = YES;
				CLANG_WARN_BOOL_CONVERSION = YES;
				CLANG_WARN_COMMA = YES;
				CLANG_WARN_CONSTANT_CONVERSION = YES;
				CLANG_WARN_DEPRECATED_OBJC_IMPLEMENTATIONS = YES;
				CLANG_WARN_DIRECT_OBJC_ISA_USAGE = YES_ERROR;
				CLANG_WARN_DOCUMENTATION_COMMENTS = YES;
				CLANG_WARN_EMPTY_BODY = YES;
				CLANG_WARN_ENUM_CONVERSION = YES;
				CLANG_WARN_INFINITE_RECURSION = YES;
				CLANG_WARN_INT_CONVERSION = YES;
				CLANG_WARN_NON_LITERAL_NULL_CONVERSION = YES;
				CLANG_WARN_OBJC_IMPLICIT_RETAIN_SELF = YES;
				CLANG_WARN_OBJC_LITERAL_CONVERSION = YES;
				CLANG_WARN_OBJC_ROOT_CLASS = YES_ERROR;
				CLANG_WARN_QUOTED_INCLUDE_IN_FRAMEWORK_HEADER = YES;
				CLANG_WARN_RANGE_LOOP_ANALYSIS = YES;
				CLANG_WARN_STRICT_PROTOTYPES = YES;
				CLANG_WARN_SUSPICIOUS_MOVE = YES;
				CLANG_WARN_UNGUARDED_AVAILABILITY = YES_AGGRESSIVE;
				CLANG_WARN_UNREACHABLE_CODE = YES;
				CLANG_WARN__DUPLICATE_METHOD_MATCH = YES;
				COPY_PHASE_STRIP = NO;
				DEBUG_INFORMATION_FORMAT = "dwarf-with-dsym";
				ENABLE_NS_ASSERTIONS = NO;
				ENABLE_STRICT_OBJC_MSGSEND = YES;
				ENABLE_USER_SCRIPT_SANDBOXING = YES;
				GCC_C_LANGUAGE_STANDARD = gnu17;
				GCC_NO_COMMON_BLOCKS = YES;
				GCC_WARN_64_TO_32_BIT_CONVERSION = YES;
				GCC_WARN_ABOUT_RETURN_TYPE = YES_ERROR;
				GCC_WARN_UNDECLARED_SELECTOR = YES;
				GCC_WARN_UNINITIALIZED_AUTOS = YES_AGGRESSIVE;
				GCC_WARN_UNUSED_FUNCTION = YES;
				GCC_WARN_UNUSED_VARIABLE = YES;
				IPHONEOS_DEPLOYMENT_TARGET = 17.5;
				LOCALIZATION_PREFERS_STRING_CATALOGS = YES;
				MTL_ENABLE_DEBUG_INFO = NO;
				MTL_FAST_MATH = YES;
				SDKROOT = iphoneos;
				SWIFT_COMPILATION_MODE = wholemodule;
				VALIDATE_PRODUCT = YES;
			};
			name = Release;
		};
		1AAE11BD2C9B40B900AF1F39 /* Debug */ = {
			isa = XCBuildConfiguration;
			buildSettings = {
				ASSETCATALOG_COMPILER_APPICON_NAME = AppIcon;
				ASSETCATALOG_COMPILER_GLOBAL_ACCENT_COLOR_NAME = AccentColor;
				CODE_SIGN_STYLE = Automatic;
				CURRENT_PROJECT_VERSION = 1;
				GENERATE_INFOPLIST_FILE = YES;
				INFOPLIST_FILE = TennisGame/Model/Support/Info.plist;
				INFOPLIST_KEY_UIApplicationSupportsIndirectInputEvents = YES;
				INFOPLIST_KEY_UILaunchStoryboardName = LaunchScreen;
				INFOPLIST_KEY_UISupportedInterfaceOrientations_iPad = "UIInterfaceOrientationPortrait UIInterfaceOrientationPortraitUpsideDown UIInterfaceOrientationLandscapeLeft UIInterfaceOrientationLandscapeRight";
				INFOPLIST_KEY_UISupportedInterfaceOrientations_iPhone = "UIInterfaceOrientationPortrait UIInterfaceOrientationLandscapeLeft UIInterfaceOrientationLandscapeRight";
				IPHONEOS_DEPLOYMENT_TARGET = 13.0;
				LD_RUNPATH_SEARCH_PATHS = (
					"$(inherited)",
					"@executable_path/Frameworks",
				);
				MARKETING_VERSION = 1.0;
				PRODUCT_BUNDLE_IDENTIFIER = com.fufel.TennisGame;
				PRODUCT_NAME = "$(TARGET_NAME)";
				SWIFT_EMIT_LOC_STRINGS = YES;
				SWIFT_VERSION = 5.0;
				TARGETED_DEVICE_FAMILY = "1,2";
			};
			name = Debug;
		};
		1AAE11BE2C9B40B900AF1F39 /* Release */ = {
			isa = XCBuildConfiguration;
			buildSettings = {
				ASSETCATALOG_COMPILER_APPICON_NAME = AppIcon;
				ASSETCATALOG_COMPILER_GLOBAL_ACCENT_COLOR_NAME = AccentColor;
				CODE_SIGN_STYLE = Automatic;
				CURRENT_PROJECT_VERSION = 1;
				GENERATE_INFOPLIST_FILE = YES;
				INFOPLIST_FILE = TennisGame/Model/Support/Info.plist;
				INFOPLIST_KEY_UIApplicationSupportsIndirectInputEvents = YES;
				INFOPLIST_KEY_UILaunchStoryboardName = LaunchScreen;
				INFOPLIST_KEY_UISupportedInterfaceOrientations_iPad = "UIInterfaceOrientationPortrait UIInterfaceOrientationPortraitUpsideDown UIInterfaceOrientationLandscapeLeft UIInterfaceOrientationLandscapeRight";
				INFOPLIST_KEY_UISupportedInterfaceOrientations_iPhone = "UIInterfaceOrientationPortrait UIInterfaceOrientationLandscapeLeft UIInterfaceOrientationLandscapeRight";
				IPHONEOS_DEPLOYMENT_TARGET = 13.0;
				LD_RUNPATH_SEARCH_PATHS = (
					"$(inherited)",
					"@executable_path/Frameworks",
				);
				MARKETING_VERSION = 1.0;
				PRODUCT_BUNDLE_IDENTIFIER = com.fufel.TennisGame;
				PRODUCT_NAME = "$(TARGET_NAME)";
				SWIFT_EMIT_LOC_STRINGS = YES;
				SWIFT_VERSION = 5.0;
				TARGETED_DEVICE_FAMILY = "1,2";
			};
			name = Release;
		};
/* End XCBuildConfiguration section */

/* Begin XCConfigurationList section */
		1AAE11A32C9B40B600AF1F39 /* Build configuration list for PBXProject "TennisGame" */ = {
			isa = XCConfigurationList;
			buildConfigurations = (
				1AAE11BA2C9B40B900AF1F39 /* Debug */,
				1AAE11BB2C9B40B900AF1F39 /* Release */,
			);
			defaultConfigurationIsVisible = 0;
			defaultConfigurationName = Release;
		};
		1AAE11BC2C9B40B900AF1F39 /* Build configuration list for PBXNativeTarget "TennisGame" */ = {
			isa = XCConfigurationList;
			buildConfigurations = (
				1AAE11BD2C9B40B900AF1F39 /* Debug */,
				1AAE11BE2C9B40B900AF1F39 /* Release */,
			);
			defaultConfigurationIsVisible = 0;
			defaultConfigurationName = Release;
		};
/* End XCConfigurationList section */
	};
	rootObject = 1AAE11A02C9B40B600AF1F39 /* Project object */;
}
