// !$*UTF8*$!
{
	archiveVersion = 1;
	classes = {
	};
	objectVersion = 56;
	objects = {

/* Begin PBXBuildFile section */
		1A3328C52C9E2E5F0013E0E0 /* GameScene + levels.swift in Sources */ = {isa = PBXBuildFile; fileRef = 1A3328C42C9E2E5F0013E0E0 /* GameScene + levels.swift */; };
		1A4768482CA0BF33004BD6BB /* SnapKit in Frameworks */ = {isa = PBXBuildFile; productRef = 1A4768472CA0BF33004BD6BB /* SnapKit */; };
		1A47684A2CA1C6C6004BD6BB /* ShieldLoadingView.swift in Sources */ = {isa = PBXBuildFile; fileRef = 1A4768492CA1C6C6004BD6BB /* ShieldLoadingView.swift */; };
		1A47684C2CA1F7C1004BD6BB /* PauseView.swift in Sources */ = {isa = PBXBuildFile; fileRef = 1A47684B2CA1F7C1004BD6BB /* PauseView.swift */; };
		1A47684E2CA20C19004BD6BB /* MainCoordinatorViewModel.swift in Sources */ = {isa = PBXBuildFile; fileRef = 1A47684D2CA20C19004BD6BB /* MainCoordinatorViewModel.swift */; };
		1AAE11AC2C9B40B600AF1F39 /* AppDelegate.swift in Sources */ = {isa = PBXBuildFile; fileRef = 1AAE11AB2C9B40B600AF1F39 /* AppDelegate.swift */; };
		1AAE11AE2C9B40B600AF1F39 /* SceneDelegate.swift in Sources */ = {isa = PBXBuildFile; fileRef = 1AAE11AD2C9B40B600AF1F39 /* SceneDelegate.swift */; };
		1AAE11B52C9B40B900AF1F39 /* Assets.xcassets in Resources */ = {isa = PBXBuildFile; fileRef = 1AAE11B42C9B40B900AF1F39 /* Assets.xcassets */; };
		1AAE11B82C9B40B900AF1F39 /* Base in Resources */ = {isa = PBXBuildFile; fileRef = 1AAE11B72C9B40B900AF1F39 /* Base */; };
		1AAE11C02C9B432D00AF1F39 /* Coordinator.swift in Sources */ = {isa = PBXBuildFile; fileRef = 1AAE11BF2C9B432D00AF1F39 /* Coordinator.swift */; };
		1AAE11CE2C9B85AA00AF1F39 /* MainCoordinator.swift in Sources */ = {isa = PBXBuildFile; fileRef = 1AAE11CD2C9B85AA00AF1F39 /* MainCoordinator.swift */; };
		1AAE11D02C9B867D00AF1F39 /* MainViewController.swift in Sources */ = {isa = PBXBuildFile; fileRef = 1AAE11CF2C9B867D00AF1F39 /* MainViewController.swift */; };
		1AAE11D42C9B89E700AF1F39 /* Resources.swift in Sources */ = {isa = PBXBuildFile; fileRef = 1AAE11D32C9B89E700AF1F39 /* Resources.swift */; };
		1AAE11D62C9B8B4100AF1F39 /* MainView.swift in Sources */ = {isa = PBXBuildFile; fileRef = 1AAE11D52C9B8B4100AF1F39 /* MainView.swift */; };
		1AAE11DB2C9B908600AF1F39 /* MainVC + Action.swift in Sources */ = {isa = PBXBuildFile; fileRef = 1AAE11DA2C9B908600AF1F39 /* MainVC + Action.swift */; };
		1AAE11E12C9B924B00AF1F39 /* GameCoordinator.swift in Sources */ = {isa = PBXBuildFile; fileRef = 1AAE11E02C9B924B00AF1F39 /* GameCoordinator.swift */; };
		1AAE11E42C9C345A00AF1F39 /* GameViewController.swift in Sources */ = {isa = PBXBuildFile; fileRef = 1AAE11E32C9C345A00AF1F39 /* GameViewController.swift */; };
		1AAE11E62C9C346F00AF1F39 /* GameScene.swift in Sources */ = {isa = PBXBuildFile; fileRef = 1AAE11E52C9C346F00AF1F39 /* GameScene.swift */; };
		1AAE11E92C9C865E00AF1F39 /* GameScene + Action.swift in Sources */ = {isa = PBXBuildFile; fileRef = 1AAE11E82C9C865E00AF1F39 /* GameScene + Action.swift */; };
		1AAE11EB2C9C86C900AF1F39 /* GameScene + Meteor.swift in Sources */ = {isa = PBXBuildFile; fileRef = 1AAE11EA2C9C86C900AF1F39 /* GameScene + Meteor.swift */; };
		1AAE11ED2C9CA95900AF1F39 /* GameScene + Ball.swift in Sources */ = {isa = PBXBuildFile; fileRef = 1AAE11EC2C9CA95900AF1F39 /* GameScene + Ball.swift */; };
		1AAE11F02C9CC5ED00AF1F39 /* LevelsView.swift in Sources */ = {isa = PBXBuildFile; fileRef = 1AAE11EF2C9CC5ED00AF1F39 /* LevelsView.swift */; };
		1AAE11F22C9CC61800AF1F39 /* LevelsViewController.swift in Sources */ = {isa = PBXBuildFile; fileRef = 1AAE11F12C9CC61800AF1F39 /* LevelsViewController.swift */; };
		1AAE11F42C9CC82900AF1F39 /* LevelsVC + Action.swift in Sources */ = {isa = PBXBuildFile; fileRef = 1AAE11F32C9CC82900AF1F39 /* LevelsVC + Action.swift */; };
		1AAE11F92C9CCAE900AF1F39 /* LevelsCoordinator.swift in Sources */ = {isa = PBXBuildFile; fileRef = 1AAE11F82C9CCAE900AF1F39 /* LevelsCoordinator.swift */; };
		1AAE11FB2C9CCF5C00AF1F39 /* LevelsVC + CollectionView.swift in Sources */ = {isa = PBXBuildFile; fileRef = 1AAE11FA2C9CCF5C00AF1F39 /* LevelsVC + CollectionView.swift */; };
		1AAE11FD2C9CCFCE00AF1F39 /* LevelCell.swift in Sources */ = {isa = PBXBuildFile; fileRef = 1AAE11FC2C9CCFCE00AF1F39 /* LevelCell.swift */; };
		1AAE12012C9CDA3900AF1F39 /* DataConstraints.swift in Sources */ = {isa = PBXBuildFile; fileRef = 1AAE12002C9CDA3900AF1F39 /* DataConstraints.swift */; };
		1AD899682C9CDF4500F9E65E /* BULGOGI.ttf in Resources */ = {isa = PBXBuildFile; fileRef = 1AD899672C9CDF4400F9E65E /* BULGOGI.ttf */; };
		1AD8996B2C9CE81F00F9E65E /* Level.swift in Sources */ = {isa = PBXBuildFile; fileRef = 1AD8996A2C9CE81F00F9E65E /* Level.swift */; };
		1AD8996D2C9CE85E00F9E65E /* LevelManager.swift in Sources */ = {isa = PBXBuildFile; fileRef = 1AD8996C2C9CE85E00F9E65E /* LevelManager.swift */; };
		1AD899712C9D7C3600F9E65E /* LevelManager + levels.swift in Sources */ = {isa = PBXBuildFile; fileRef = 1AD899702C9D7C3600F9E65E /* LevelManager + levels.swift */; };
		1AD899752C9DB62900F9E65E /* ScopeManager.swift in Sources */ = {isa = PBXBuildFile; fileRef = 1AD899742C9DB62900F9E65E /* ScopeManager.swift */; };
		1AD899782C9DB71F00F9E65E /* LevelsViewModel.swift in Sources */ = {isa = PBXBuildFile; fileRef = 1AD899772C9DB71F00F9E65E /* LevelsViewModel.swift */; };
		1AD8997A2C9DBE6A00F9E65E /* GameScene + Heart.swift in Sources */ = {isa = PBXBuildFile; fileRef = 1AD899792C9DBE6A00F9E65E /* GameScene + Heart.swift */; };
		1AD8997C2C9DD35400F9E65E /* GameScene + Shield.swift in Sources */ = {isa = PBXBuildFile; fileRef = 1AD8997B2C9DD35300F9E65E /* GameScene + Shield.swift */; };
		1AD8997F2C9DD7EE00F9E65E /* GameScene + Star.swift in Sources */ = {isa = PBXBuildFile; fileRef = 1AD8997E2C9DD7EE00F9E65E /* GameScene + Star.swift */; };
		1AD899812C9DDBC200F9E65E /* GameSceneViewModel.swift in Sources */ = {isa = PBXBuildFile; fileRef = 1AD899802C9DDBC200F9E65E /* GameSceneViewModel.swift */; };
/* End PBXBuildFile section */

/* Begin PBXFileReference section */
		1A3328C42C9E2E5F0013E0E0 /* GameScene + levels.swift */ = {isa = PBXFileReference; lastKnownFileType = sourcecode.swift; path = "GameScene + levels.swift"; sourceTree = "<group>"; };
		1A4768492CA1C6C6004BD6BB /* ShieldLoadingView.swift */ = {isa = PBXFileReference; lastKnownFileType = sourcecode.swift; path = ShieldLoadingView.swift; sourceTree = "<group>"; };
		1A47684B2CA1F7C1004BD6BB /* PauseView.swift */ = {isa = PBXFileReference; lastKnownFileType = sourcecode.swift; path = PauseView.swift; sourceTree = "<group>"; };
		1A47684D2CA20C19004BD6BB /* MainCoordinatorViewModel.swift */ = {isa = PBXFileReference; lastKnownFileType = sourcecode.swift; path = MainCoordinatorViewModel.swift; sourceTree = "<group>"; };
		1AAE11A82C9B40B600AF1F39 /* TennisGame.app */ = {isa = PBXFileReference; explicitFileType = wrapper.application; includeInIndex = 0; path = TennisGame.app; sourceTree = BUILT_PRODUCTS_DIR; };
		1AAE11AB2C9B40B600AF1F39 /* AppDelegate.swift */ = {isa = PBXFileReference; lastKnownFileType = sourcecode.swift; path = AppDelegate.swift; sourceTree = "<group>"; };
		1AAE11AD2C9B40B600AF1F39 /* SceneDelegate.swift */ = {isa = PBXFileReference; lastKnownFileType = sourcecode.swift; path = SceneDelegate.swift; sourceTree = "<group>"; };
		1AAE11B42C9B40B900AF1F39 /* Assets.xcassets */ = {isa = PBXFileReference; lastKnownFileType = folder.assetcatalog; path = Assets.xcassets; sourceTree = "<group>"; };
		1AAE11B72C9B40B900AF1F39 /* Base */ = {isa = PBXFileReference; lastKnownFileType = file.storyboard; name = Base; path = Base.lproj/LaunchScreen.storyboard; sourceTree = "<group>"; };
		1AAE11B92C9B40B900AF1F39 /* Info.plist */ = {isa = PBXFileReference; lastKnownFileType = text.plist.xml; path = Info.plist; sourceTree = "<group>"; };
		1AAE11BF2C9B432D00AF1F39 /* Coordinator.swift */ = {isa = PBXFileReference; lastKnownFileType = sourcecode.swift; path = Coordinator.swift; sourceTree = "<group>"; };
		1AAE11CD2C9B85AA00AF1F39 /* MainCoordinator.swift */ = {isa = PBXFileReference; lastKnownFileType = sourcecode.swift; path = MainCoordinator.swift; sourceTree = "<group>"; };
		1AAE11CF2C9B867D00AF1F39 /* MainViewController.swift */ = {isa = PBXFileReference; lastKnownFileType = sourcecode.swift; path = MainViewController.swift; sourceTree = "<group>"; };
		1AAE11D32C9B89E700AF1F39 /* Resources.swift */ = {isa = PBXFileReference; lastKnownFileType = sourcecode.swift; path = Resources.swift; sourceTree = "<group>"; };
		1AAE11D52C9B8B4100AF1F39 /* MainView.swift */ = {isa = PBXFileReference; lastKnownFileType = sourcecode.swift; path = MainView.swift; sourceTree = "<group>"; };
		1AAE11DA2C9B908600AF1F39 /* MainVC + Action.swift */ = {isa = PBXFileReference; lastKnownFileType = sourcecode.swift; path = "MainVC + Action.swift"; sourceTree = "<group>"; };
		1AAE11E02C9B924B00AF1F39 /* GameCoordinator.swift */ = {isa = PBXFileReference; lastKnownFileType = sourcecode.swift; path = GameCoordinator.swift; sourceTree = "<group>"; };
		1AAE11E32C9C345A00AF1F39 /* GameViewController.swift */ = {isa = PBXFileReference; lastKnownFileType = sourcecode.swift; path = GameViewController.swift; sourceTree = "<group>"; };
		1AAE11E52C9C346F00AF1F39 /* GameScene.swift */ = {isa = PBXFileReference; lastKnownFileType = sourcecode.swift; path = GameScene.swift; sourceTree = "<group>"; };
		1AAE11E82C9C865E00AF1F39 /* GameScene + Action.swift */ = {isa = PBXFileReference; lastKnownFileType = sourcecode.swift; path = "GameScene + Action.swift"; sourceTree = "<group>"; };
		1AAE11EA2C9C86C900AF1F39 /* GameScene + Meteor.swift */ = {isa = PBXFileReference; lastKnownFileType = sourcecode.swift; path = "GameScene + Meteor.swift"; sourceTree = "<group>"; };
		1AAE11EC2C9CA95900AF1F39 /* GameScene + Ball.swift */ = {isa = PBXFileReference; lastKnownFileType = sourcecode.swift; path = "GameScene + Ball.swift"; sourceTree = "<group>"; };
		1AAE11EF2C9CC5ED00AF1F39 /* LevelsView.swift */ = {isa = PBXFileReference; lastKnownFileType = sourcecode.swift; path = LevelsView.swift; sourceTree = "<group>"; };
		1AAE11F12C9CC61800AF1F39 /* LevelsViewController.swift */ = {isa = PBXFileReference; lastKnownFileType = sourcecode.swift; path = LevelsViewController.swift; sourceTree = "<group>"; };
		1AAE11F32C9CC82900AF1F39 /* LevelsVC + Action.swift */ = {isa = PBXFileReference; lastKnownFileType = sourcecode.swift; path = "LevelsVC + Action.swift"; sourceTree = "<group>"; };
		1AAE11F82C9CCAE900AF1F39 /* LevelsCoordinator.swift */ = {isa = PBXFileReference; lastKnownFileType = sourcecode.swift; path = LevelsCoordinator.swift; sourceTree = "<group>"; };
		1AAE11FA2C9CCF5C00AF1F39 /* LevelsVC + CollectionView.swift */ = {isa = PBXFileReference; lastKnownFileType = sourcecode.swift; path = "LevelsVC + CollectionView.swift"; sourceTree = "<group>"; };
		1AAE11FC2C9CCFCE00AF1F39 /* LevelCell.swift */ = {isa = PBXFileReference; lastKnownFileType = sourcecode.swift; path = LevelCell.swift; sourceTree = "<group>"; };
		1AAE12002C9CDA3900AF1F39 /* DataConstraints.swift */ = {isa = PBXFileReference; lastKnownFileType = sourcecode.swift; path = DataConstraints.swift; sourceTree = "<group>"; };
		1AD899672C9CDF4400F9E65E /* BULGOGI.ttf */ = {isa = PBXFileReference; lastKnownFileType = file; name = BULGOGI.ttf; path = ../../../../../../../Downloads/bulgogi/BULGOGI.ttf; sourceTree = "<group>"; };
		1AD8996A2C9CE81F00F9E65E /* Level.swift */ = {isa = PBXFileReference; lastKnownFileType = sourcecode.swift; path = Level.swift; sourceTree = "<group>"; };
		1AD8996C2C9CE85E00F9E65E /* LevelManager.swift */ = {isa = PBXFileReference; lastKnownFileType = sourcecode.swift; path = LevelManager.swift; sourceTree = "<group>"; };
		1AD899702C9D7C3600F9E65E /* LevelManager + levels.swift */ = {isa = PBXFileReference; lastKnownFileType = sourcecode.swift; path = "LevelManager + levels.swift"; sourceTree = "<group>"; };
		1AD899742C9DB62900F9E65E /* ScopeManager.swift */ = {isa = PBXFileReference; lastKnownFileType = sourcecode.swift; path = ScopeManager.swift; sourceTree = "<group>"; };
		1AD899772C9DB71F00F9E65E /* LevelsViewModel.swift */ = {isa = PBXFileReference; lastKnownFileType = sourcecode.swift; path = LevelsViewModel.swift; sourceTree = "<group>"; };
		1AD899792C9DBE6A00F9E65E /* GameScene + Heart.swift */ = {isa = PBXFileReference; lastKnownFileType = sourcecode.swift; path = "GameScene + Heart.swift"; sourceTree = "<group>"; };
		1AD8997B2C9DD35300F9E65E /* GameScene + Shield.swift */ = {isa = PBXFileReference; lastKnownFileType = sourcecode.swift; path = "GameScene + Shield.swift"; sourceTree = "<group>"; };
		1AD8997E2C9DD7EE00F9E65E /* GameScene + Star.swift */ = {isa = PBXFileReference; lastKnownFileType = sourcecode.swift; path = "GameScene + Star.swift"; sourceTree = "<group>"; };
		1AD899802C9DDBC200F9E65E /* GameSceneViewModel.swift */ = {isa = PBXFileReference; lastKnownFileType = sourcecode.swift; path = GameSceneViewModel.swift; sourceTree = "<group>"; };
/* End PBXFileReference section */

/* Begin PBXFrameworksBuildPhase section */
		1AAE11A52C9B40B600AF1F39 /* Frameworks */ = {
			isa = PBXFrameworksBuildPhase;
			buildActionMask = 2147483647;
			files = (
				1A4768482CA0BF33004BD6BB /* SnapKit in Frameworks */,
			);
			runOnlyForDeploymentPostprocessing = 0;
		};
/* End PBXFrameworksBuildPhase section */

/* Begin PBXGroup section */
		1AA373652C9F17F500504816 /* Views */ = {
			isa = PBXGroup;
			children = (
				1A4768492CA1C6C6004BD6BB /* ShieldLoadingView.swift */,
				1A47684B2CA1F7C1004BD6BB /* PauseView.swift */,
			);
			path = Views;
			sourceTree = "<group>";
		};
		1AAE119F2C9B40B600AF1F39 = {
			isa = PBXGroup;
			children = (
				1AAE11AA2C9B40B600AF1F39 /* TennisGame */,
				1AAE11A92C9B40B600AF1F39 /* Products */,
			);
			sourceTree = "<group>";
		};
		1AAE11A92C9B40B600AF1F39 /* Products */ = {
			isa = PBXGroup;
			children = (
				1AAE11A82C9B40B600AF1F39 /* TennisGame.app */,
			);
			name = Products;
			sourceTree = "<group>";
		};
		1AAE11AA2C9B40B600AF1F39 /* TennisGame */ = {
			isa = PBXGroup;
			children = (
				1AAE11C42C9B434500AF1F39 /* Coordinator */,
				1AAE11C32C9B433F00AF1F39 /* Model */,
				1AAE11C22C9B433B00AF1F39 /* View */,
				1AAE11C12C9B433400AF1F39 /* ViewModel */,
			);
			path = TennisGame;
			sourceTree = "<group>";
		};
		1AAE11C12C9B433400AF1F39 /* ViewModel */ = {
			isa = PBXGroup;
			children = (
				1AD899772C9DB71F00F9E65E /* LevelsViewModel.swift */,
				1AD899802C9DDBC200F9E65E /* GameSceneViewModel.swift */,
				1A47684D2CA20C19004BD6BB /* MainCoordinatorViewModel.swift */,
			);
			path = ViewModel;
			sourceTree = "<group>";
		};
		1AAE11C22C9B433B00AF1F39 /* View */ = {
			isa = PBXGroup;
			children = (
				1AAE11EE2C9CC5CC00AF1F39 /* Levels */,
				1AAE11B62C9B40B900AF1F39 /* LaunchScreen.storyboard */,
				1AAE11E22C9C344100AF1F39 /* Game */,
				1AAE11C92C9B43FD00AF1F39 /* Main */,
			);
			path = View;
			sourceTree = "<group>";
		};
		1AAE11C32C9B433F00AF1F39 /* Model */ = {
			isa = PBXGroup;
			children = (
				1AD899692C9CE81200F9E65E /* Models */,
				1AD899662C9CDF3800F9E65E /* Font */,
				1AAE11FF2C9CDA1C00AF1F39 /* Help */,
				1AAE11C62C9B435900AF1F39 /* Support */,
				1AAE11C52C9B435100AF1F39 /* Resources */,
			);
			path = Model;
			sourceTree = "<group>";
		};
		1AAE11C42C9B434500AF1F39 /* Coordinator */ = {
			isa = PBXGroup;
			children = (
				1AAE11C82C9B43DE00AF1F39 /* MainCoordinator */,
				1AAE11BF2C9B432D00AF1F39 /* Coordinator.swift */,
			);
			path = Coordinator;
			sourceTree = "<group>";
		};
		1AAE11C52C9B435100AF1F39 /* Resources */ = {
			isa = PBXGroup;
			children = (
				1AAE11B42C9B40B900AF1F39 /* Assets.xcassets */,
				1AAE11D32C9B89E700AF1F39 /* Resources.swift */,
			);
			path = Resources;
			sourceTree = "<group>";
		};
		1AAE11C62C9B435900AF1F39 /* Support */ = {
			isa = PBXGroup;
			children = (
				1AAE11AD2C9B40B600AF1F39 /* SceneDelegate.swift */,
				1AAE11B92C9B40B900AF1F39 /* Info.plist */,
				1AAE11AB2C9B40B600AF1F39 /* AppDelegate.swift */,
			);
			path = Support;
			sourceTree = "<group>";
		};
		1AAE11C82C9B43DE00AF1F39 /* MainCoordinator */ = {
			isa = PBXGroup;
			children = (
				1AAE11CD2C9B85AA00AF1F39 /* MainCoordinator.swift */,
				1AAE11F72C9CCACC00AF1F39 /* ShopCoordinator */,
				1AAE11F62C9CCAC200AF1F39 /* LevelsCoordinator */,
				1AAE11DF2C9B923700AF1F39 /* GameCoordinator */,
			);
			path = MainCoordinator;
			sourceTree = "<group>";
		};
		1AAE11C92C9B43FD00AF1F39 /* Main */ = {
			isa = PBXGroup;
			children = (
				1AAE11D52C9B8B4100AF1F39 /* MainView.swift */,
				1AAE11CF2C9B867D00AF1F39 /* MainViewController.swift */,
				1AAE11DA2C9B908600AF1F39 /* MainVC + Action.swift */,
			);
			path = Main;
			sourceTree = "<group>";
		};
		1AAE11DF2C9B923700AF1F39 /* GameCoordinator */ = {
			isa = PBXGroup;
			children = (
				1AAE11E02C9B924B00AF1F39 /* GameCoordinator.swift */,
			);
			path = GameCoordinator;
			sourceTree = "<group>";
		};
		1AAE11E22C9C344100AF1F39 /* Game */ = {
			isa = PBXGroup;
			children = (
				1AA373652C9F17F500504816 /* Views */,
				1AAE11E72C9C864A00AF1F39 /* GameScene */,
				1AAE11E32C9C345A00AF1F39 /* GameViewController.swift */,
			);
			path = Game;
			sourceTree = "<group>";
		};
		1AAE11E72C9C864A00AF1F39 /* GameScene */ = {
			isa = PBXGroup;
			children = (
				1AD8997D2C9DD7AA00F9E65E /* GameScene + Items logic */,
				1AAE11E52C9C346F00AF1F39 /* GameScene.swift */,
				1AAE11E82C9C865E00AF1F39 /* GameScene + Action.swift */,
				1A3328C42C9E2E5F0013E0E0 /* GameScene + levels.swift */,
			);
			path = GameScene;
			sourceTree = "<group>";
		};
		1AAE11EE2C9CC5CC00AF1F39 /* Levels */ = {
			isa = PBXGroup;
			children = (
				1AAE11FE2C9CCFD800AF1F39 /* CollectionView */,
				1AAE11EF2C9CC5ED00AF1F39 /* LevelsView.swift */,
				1AAE11F12C9CC61800AF1F39 /* LevelsViewController.swift */,
				1AAE11F32C9CC82900AF1F39 /* LevelsVC + Action.swift */,
			);
			path = Levels;
			sourceTree = "<group>";
		};
		1AAE11F62C9CCAC200AF1F39 /* LevelsCoordinator */ = {
			isa = PBXGroup;
			children = (
				1AAE11F82C9CCAE900AF1F39 /* LevelsCoordinator.swift */,
			);
			path = LevelsCoordinator;
			sourceTree = "<group>";
		};
		1AAE11F72C9CCACC00AF1F39 /* ShopCoordinator */ = {
			isa = PBXGroup;
			children = (
			);
			path = ShopCoordinator;
			sourceTree = "<group>";
		};
		1AAE11FE2C9CCFD800AF1F39 /* CollectionView */ = {
			isa = PBXGroup;
			children = (
				1AAE11FC2C9CCFCE00AF1F39 /* LevelCell.swift */,
				1AAE11FA2C9CCF5C00AF1F39 /* LevelsVC + CollectionView.swift */,
			);
			path = CollectionView;
			sourceTree = "<group>";
		};
		1AAE11FF2C9CDA1C00AF1F39 /* Help */ = {
			isa = PBXGroup;
			children = (
				1AAE12002C9CDA3900AF1F39 /* DataConstraints.swift */,
			);
			path = Help;
			sourceTree = "<group>";
		};
		1AD899662C9CDF3800F9E65E /* Font */ = {
			isa = PBXGroup;
			children = (
				1AD899672C9CDF4400F9E65E /* BULGOGI.ttf */,
			);
			path = Font;
			sourceTree = "<group>";
		};
		1AD899692C9CE81200F9E65E /* Models */ = {
			isa = PBXGroup;
			children = (
				1AD899732C9DB60500F9E65E /* Scope */,
				1AD899722C9DB60000F9E65E /* Level */,
			);
			path = Models;
			sourceTree = "<group>";
		};
		1AD899722C9DB60000F9E65E /* Level */ = {
			isa = PBXGroup;
			children = (
				1AD899762C9DB6F400F9E65E /* DataModel */,
				1AD8996C2C9CE85E00F9E65E /* LevelManager.swift */,
				1AD899702C9D7C3600F9E65E /* LevelManager + levels.swift */,
			);
			path = Level;
			sourceTree = "<group>";
		};
		1AD899732C9DB60500F9E65E /* Scope */ = {
			isa = PBXGroup;
			children = (
				1AD899742C9DB62900F9E65E /* ScopeManager.swift */,
			);
			path = Scope;
			sourceTree = "<group>";
		};
		1AD899762C9DB6F400F9E65E /* DataModel */ = {
			isa = PBXGroup;
			children = (
				1AD8996A2C9CE81F00F9E65E /* Level.swift */,
			);
			path = DataModel;
			sourceTree = "<group>";
		};
		1AD8997D2C9DD7AA00F9E65E /* GameScene + Items logic */ = {
			isa = PBXGroup;
			children = (
				1AAE11EA2C9C86C900AF1F39 /* GameScene + Meteor.swift */,
				1AAE11EC2C9CA95900AF1F39 /* GameScene + Ball.swift */,
				1AD899792C9DBE6A00F9E65E /* GameScene + Heart.swift */,
				1AD8997B2C9DD35300F9E65E /* GameScene + Shield.swift */,
				1AD8997E2C9DD7EE00F9E65E /* GameScene + Star.swift */,
			);
			path = "GameScene + Items logic";
			sourceTree = "<group>";
		};
/* End PBXGroup section */

/* Begin PBXNativeTarget section */
		1AAE11A72C9B40B600AF1F39 /* TennisGame */ = {
			isa = PBXNativeTarget;
			buildConfigurationList = 1AAE11BC2C9B40B900AF1F39 /* Build configuration list for PBXNativeTarget "TennisGame" */;
			buildPhases = (
				1AAE11A42C9B40B600AF1F39 /* Sources */,
				1AAE11A52C9B40B600AF1F39 /* Frameworks */,
				1AAE11A62C9B40B600AF1F39 /* Resources */,
			);
			buildRules = (
			);
			dependencies = (
			);
			name = TennisGame;
			packageProductDependencies = (
				1A4768472CA0BF33004BD6BB /* SnapKit */,
			);
			productName = TennisGame;
			productReference = 1AAE11A82C9B40B600AF1F39 /* TennisGame.app */;
			productType = "com.apple.product-type.application";
		};
/* End PBXNativeTarget section */

/* Begin PBXProject section */
		1AAE11A02C9B40B600AF1F39 /* Project object */ = {
			isa = PBXProject;
			attributes = {
				BuildIndependentTargetsInParallel = 1;
				LastSwiftUpdateCheck = 1540;
				LastUpgradeCheck = 1540;
				TargetAttributes = {
					1AAE11A72C9B40B600AF1F39 = {
						CreatedOnToolsVersion = 15.4;
					};
				};
			};
			buildConfigurationList = 1AAE11A32C9B40B600AF1F39 /* Build configuration list for PBXProject "TennisGame" */;
			compatibilityVersion = "Xcode 14.0";
			developmentRegion = en;
			hasScannedForEncodings = 0;
			knownRegions = (
				en,
				Base,
			);
			mainGroup = 1AAE119F2C9B40B600AF1F39;
			packageReferences = (
				1A4768462CA0BF33004BD6BB /* XCRemoteSwiftPackageReference "SnapKit" */,
			);
			productRefGroup = 1AAE11A92C9B40B600AF1F39 /* Products */;
			projectDirPath = "";
			projectRoot = "";
			targets = (
				1AAE11A72C9B40B600AF1F39 /* TennisGame */,
			);
		};
/* End PBXProject section */

/* Begin PBXResourcesBuildPhase section */
		1AAE11A62C9B40B600AF1F39 /* Resources */ = {
			isa = PBXResourcesBuildPhase;
			buildActionMask = 2147483647;
			files = (
				1AAE11B52C9B40B900AF1F39 /* Assets.xcassets in Resources */,
				1AD899682C9CDF4500F9E65E /* BULGOGI.ttf in Resources */,
				1AAE11B82C9B40B900AF1F39 /* Base in Resources */,
			);
			runOnlyForDeploymentPostprocessing = 0;
		};
/* End PBXResourcesBuildPhase section */

/* Begin PBXSourcesBuildPhase section */
		1AAE11A42C9B40B600AF1F39 /* Sources */ = {
			isa = PBXSourcesBuildPhase;
			buildActionMask = 2147483647;
			files = (
				1AAE11C02C9B432D00AF1F39 /* Coordinator.swift in Sources */,
				1AAE11D62C9B8B4100AF1F39 /* MainView.swift in Sources */,
				1AAE12012C9CDA3900AF1F39 /* DataConstraints.swift in Sources */,
				1AAE11D42C9B89E700AF1F39 /* Resources.swift in Sources */,
				1A47684A2CA1C6C6004BD6BB /* ShieldLoadingView.swift in Sources */,
				1AAE11E12C9B924B00AF1F39 /* GameCoordinator.swift in Sources */,
				1AAE11F92C9CCAE900AF1F39 /* LevelsCoordinator.swift in Sources */,
				1AD8997F2C9DD7EE00F9E65E /* GameScene + Star.swift in Sources */,
				1AAE11AC2C9B40B600AF1F39 /* AppDelegate.swift in Sources */,
				1A47684C2CA1F7C1004BD6BB /* PauseView.swift in Sources */,
				1AAE11FB2C9CCF5C00AF1F39 /* LevelsVC + CollectionView.swift in Sources */,
				1AAE11EB2C9C86C900AF1F39 /* GameScene + Meteor.swift in Sources */,
				1A47684E2CA20C19004BD6BB /* MainCoordinatorViewModel.swift in Sources */,
				1AAE11E62C9C346F00AF1F39 /* GameScene.swift in Sources */,
				1AAE11D02C9B867D00AF1F39 /* MainViewController.swift in Sources */,
				1AD8996D2C9CE85E00F9E65E /* LevelManager.swift in Sources */,
				1AAE11CE2C9B85AA00AF1F39 /* MainCoordinator.swift in Sources */,
				1AD8996B2C9CE81F00F9E65E /* Level.swift in Sources */,
				1AD8997A2C9DBE6A00F9E65E /* GameScene + Heart.swift in Sources */,
				1AAE11E92C9C865E00AF1F39 /* GameScene + Action.swift in Sources */,
				1AAE11AE2C9B40B600AF1F39 /* SceneDelegate.swift in Sources */,
				1AAE11E42C9C345A00AF1F39 /* GameViewController.swift in Sources */,
				1AAE11DB2C9B908600AF1F39 /* MainVC + Action.swift in Sources */,
				1AAE11F02C9CC5ED00AF1F39 /* LevelsView.swift in Sources */,
				1AD899782C9DB71F00F9E65E /* LevelsViewModel.swift in Sources */,
				1AAE11ED2C9CA95900AF1F39 /* GameScene + Ball.swift in Sources */,
				1AAE11F22C9CC61800AF1F39 /* LevelsViewController.swift in Sources */,
				1AAE11FD2C9CCFCE00AF1F39 /* LevelCell.swift in Sources */,
				1AD899812C9DDBC200F9E65E /* GameSceneViewModel.swift in Sources */,
				1A3328C52C9E2E5F0013E0E0 /* GameScene + levels.swift in Sources */,
				1AD899712C9D7C3600F9E65E /* LevelManager + levels.swift in Sources */,
				1AD899752C9DB62900F9E65E /* ScopeManager.swift in Sources */,
				1AAE11F42C9CC82900AF1F39 /* LevelsVC + Action.swift in Sources */,
				1AD8997C2C9DD35400F9E65E /* GameScene + Shield.swift in Sources */,
			);
			runOnlyForDeploymentPostprocessing = 0;
		};
/* End PBXSourcesBuildPhase section */

/* Begin PBXVariantGroup section */
		1AAE11B62C9B40B900AF1F39 /* LaunchScreen.storyboard */ = {
			isa = PBXVariantGroup;
			children = (
				1AAE11B72C9B40B900AF1F39 /* Base */,
			);
			name = LaunchScreen.storyboard;
			sourceTree = "<group>";
		};
/* End PBXVariantGroup section */

/* Begin XCBuildConfiguration section */
		1AAE11BA2C9B40B900AF1F39 /* Debug */ = {
			isa = XCBuildConfiguration;
			buildSettings = {
				ALWAYS_SEARCH_USER_PATHS = NO;
				ASSETCATALOG_COMPILER_GENERATE_SWIFT_ASSET_SYMBOL_EXTENSIONS = YES;
				CLANG_ANALYZER_NONNULL = YES;
				CLANG_ANALYZER_NUMBER_OBJECT_CONVERSION = YES_AGGRESSIVE;
				CLANG_CXX_LANGUAGE_STANDARD = "gnu++20";
				CLANG_ENABLE_MODULES = YES;
				CLANG_ENABLE_OBJC_ARC = YES;
				CLANG_ENABLE_OBJC_WEAK = YES;
				CLANG_WARN_BLOCK_CAPTURE_AUTORELEASING = YES;
				CLANG_WARN_BOOL_CONVERSION = YES;
				CLANG_WARN_COMMA = YES;
				CLANG_WARN_CONSTANT_CONVERSION = YES;
				CLANG_WARN_DEPRECATED_OBJC_IMPLEMENTATIONS = YES;
				CLANG_WARN_DIRECT_OBJC_ISA_USAGE = YES_ERROR;
				CLANG_WARN_DOCUMENTATION_COMMENTS = YES;
				CLANG_WARN_EMPTY_BODY = YES;
				CLANG_WARN_ENUM_CONVERSION = YES;
				CLANG_WARN_INFINITE_RECURSION = YES;
				CLANG_WARN_INT_CONVERSION = YES;
				CLANG_WARN_NON_LITERAL_NULL_CONVERSION = YES;
				CLANG_WARN_OBJC_IMPLICIT_RETAIN_SELF = YES;
				CLANG_WARN_OBJC_LITERAL_CONVERSION = YES;
				CLANG_WARN_OBJC_ROOT_CLASS = YES_ERROR;
				CLANG_WARN_QUOTED_INCLUDE_IN_FRAMEWORK_HEADER = YES;
				CLANG_WARN_RANGE_LOOP_ANALYSIS = YES;
				CLANG_WARN_STRICT_PROTOTYPES = YES;
				CLANG_WARN_SUSPICIOUS_MOVE = YES;
				CLANG_WARN_UNGUARDED_AVAILABILITY = YES_AGGRESSIVE;
				CLANG_WARN_UNREACHABLE_CODE = YES;
				CLANG_WARN__DUPLICATE_METHOD_MATCH = YES;
				COPY_PHASE_STRIP = NO;
				DEBUG_INFORMATION_FORMAT = dwarf;
				ENABLE_STRICT_OBJC_MSGSEND = YES;
				ENABLE_TESTABILITY = YES;
				ENABLE_USER_SCRIPT_SANDBOXING = YES;
				GCC_C_LANGUAGE_STANDARD = gnu17;
				GCC_DYNAMIC_NO_PIC = NO;
				GCC_NO_COMMON_BLOCKS = YES;
				GCC_OPTIMIZATION_LEVEL = 0;
				GCC_PREPROCESSOR_DEFINITIONS = (
					"DEBUG=1",
					"$(inherited)",
				);
				GCC_WARN_64_TO_32_BIT_CONVERSION = YES;
				GCC_WARN_ABOUT_RETURN_TYPE = YES_ERROR;
				GCC_WARN_UNDECLARED_SELECTOR = YES;
				GCC_WARN_UNINITIALIZED_AUTOS = YES_AGGRESSIVE;
				GCC_WARN_UNUSED_FUNCTION = YES;
				GCC_WARN_UNUSED_VARIABLE = YES;
				IPHONEOS_DEPLOYMENT_TARGET = 17.5;
				LOCALIZATION_PREFERS_STRING_CATALOGS = YES;
				MTL_ENABLE_DEBUG_INFO = INCLUDE_SOURCE;
				MTL_FAST_MATH = YES;
				ONLY_ACTIVE_ARCH = YES;
				SDKROOT = iphoneos;
				SWIFT_ACTIVE_COMPILATION_CONDITIONS = "DEBUG $(inherited)";
				SWIFT_OPTIMIZATION_LEVEL = "-Onone";
			};
			name = Debug;
		};
		1AAE11BB2C9B40B900AF1F39 /* Release */ = {
			isa = XCBuildConfiguration;
			buildSettings = {
				ALWAYS_SEARCH_USER_PATHS = NO;
				ASSETCATALOG_COMPILER_GENERATE_SWIFT_ASSET_SYMBOL_EXTENSIONS = YES;
				CLANG_ANALYZER_NONNULL = YES;
				CLANG_ANALYZER_NUMBER_OBJECT_CONVERSION = YES_AGGRESSIVE;
				CLANG_CXX_LANGUAGE_STANDARD = "gnu++20";
				CLANG_ENABLE_MODULES = YES;
				CLANG_ENABLE_OBJC_ARC = YES;
				CLANG_ENABLE_OBJC_WEAK = YES;
				CLANG_WARN_BLOCK_CAPTURE_AUTORELEASING = YES;
				CLANG_WARN_BOOL_CONVERSION = YES;
				CLANG_WARN_COMMA = YES;
				CLANG_WARN_CONSTANT_CONVERSION = YES;
				CLANG_WARN_DEPRECATED_OBJC_IMPLEMENTATIONS = YES;
				CLANG_WARN_DIRECT_OBJC_ISA_USAGE = YES_ERROR;
				CLANG_WARN_DOCUMENTATION_COMMENTS = YES;
				CLANG_WARN_EMPTY_BODY = YES;
				CLANG_WARN_ENUM_CONVERSION = YES;
				CLANG_WARN_INFINITE_RECURSION = YES;
				CLANG_WARN_INT_CONVERSION = YES;
				CLANG_WARN_NON_LITERAL_NULL_CONVERSION = YES;
				CLANG_WARN_OBJC_IMPLICIT_RETAIN_SELF = YES;
				CLANG_WARN_OBJC_LITERAL_CONVERSION = YES;
				CLANG_WARN_OBJC_ROOT_CLASS = YES_ERROR;
				CLANG_WARN_QUOTED_INCLUDE_IN_FRAMEWORK_HEADER = YES;
				CLANG_WARN_RANGE_LOOP_ANALYSIS = YES;
				CLANG_WARN_STRICT_PROTOTYPES = YES;
				CLANG_WARN_SUSPICIOUS_MOVE = YES;
				CLANG_WARN_UNGUARDED_AVAILABILITY = YES_AGGRESSIVE;
				CLANG_WARN_UNREACHABLE_CODE = YES;
				CLANG_WARN__DUPLICATE_METHOD_MATCH = YES;
				COPY_PHASE_STRIP = NO;
				DEBUG_INFORMATION_FORMAT = "dwarf-with-dsym";
				ENABLE_NS_ASSERTIONS = NO;
				ENABLE_STRICT_OBJC_MSGSEND = YES;
				ENABLE_USER_SCRIPT_SANDBOXING = YES;
				GCC_C_LANGUAGE_STANDARD = gnu17;
				GCC_NO_COMMON_BLOCKS = YES;
				GCC_WARN_64_TO_32_BIT_CONVERSION = YES;
				GCC_WARN_ABOUT_RETURN_TYPE = YES_ERROR;
				GCC_WARN_UNDECLARED_SELECTOR = YES;
				GCC_WARN_UNINITIALIZED_AUTOS = YES_AGGRESSIVE;
				GCC_WARN_UNUSED_FUNCTION = YES;
				GCC_WARN_UNUSED_VARIABLE = YES;
				IPHONEOS_DEPLOYMENT_TARGET = 17.5;
				LOCALIZATION_PREFERS_STRING_CATALOGS = YES;
				MTL_ENABLE_DEBUG_INFO = NO;
				MTL_FAST_MATH = YES;
				SDKROOT = iphoneos;
				SWIFT_COMPILATION_MODE = wholemodule;
				VALIDATE_PRODUCT = YES;
			};
			name = Release;
		};
		1AAE11BD2C9B40B900AF1F39 /* Debug */ = {
			isa = XCBuildConfiguration;
			buildSettings = {
				ASSETCATALOG_COMPILER_APPICON_NAME = AppIcon;
				ASSETCATALOG_COMPILER_GLOBAL_ACCENT_COLOR_NAME = AccentColor;
				CODE_SIGN_STYLE = Automatic;
				CURRENT_PROJECT_VERSION = 1;
				GENERATE_INFOPLIST_FILE = YES;
				INFOPLIST_FILE = TennisGame/Model/Support/Info.plist;
				INFOPLIST_KEY_LSApplicationCategoryType = "";
				INFOPLIST_KEY_UIApplicationSupportsIndirectInputEvents = YES;
				INFOPLIST_KEY_UILaunchStoryboardName = LaunchScreen;
				INFOPLIST_KEY_UISupportedInterfaceOrientations = UIInterfaceOrientationPortrait;
				IPHONEOS_DEPLOYMENT_TARGET = 13.0;
				LD_RUNPATH_SEARCH_PATHS = (
					"$(inherited)",
					"@executable_path/Frameworks",
				);
				MARKETING_VERSION = 1.0;
				PRODUCT_BUNDLE_IDENTIFIER = com.fufel.TennisGame;
				PRODUCT_NAME = "$(TARGET_NAME)";
				SWIFT_EMIT_LOC_STRINGS = YES;
				SWIFT_VERSION = 5.0;
				TARGETED_DEVICE_FAMILY = "1,2";
			};
			name = Debug;
		};
		1AAE11BE2C9B40B900AF1F39 /* Release */ = {
			isa = XCBuildConfiguration;
			buildSettings = {
				ASSETCATALOG_COMPILER_APPICON_NAME = AppIcon;
				ASSETCATALOG_COMPILER_GLOBAL_ACCENT_COLOR_NAME = AccentColor;
				CODE_SIGN_STYLE = Automatic;
				CURRENT_PROJECT_VERSION = 1;
				GENERATE_INFOPLIST_FILE = YES;
				INFOPLIST_FILE = TennisGame/Model/Support/Info.plist;
				INFOPLIST_KEY_LSApplicationCategoryType = "";
				INFOPLIST_KEY_UIApplicationSupportsIndirectInputEvents = YES;
				INFOPLIST_KEY_UILaunchStoryboardName = LaunchScreen;
				INFOPLIST_KEY_UISupportedInterfaceOrientations = UIInterfaceOrientationPortrait;
				IPHONEOS_DEPLOYMENT_TARGET = 13.0;
				LD_RUNPATH_SEARCH_PATHS = (
					"$(inherited)",
					"@executable_path/Frameworks",
				);
				MARKETING_VERSION = 1.0;
				PRODUCT_BUNDLE_IDENTIFIER = com.fufel.TennisGame;
				PRODUCT_NAME = "$(TARGET_NAME)";
				SWIFT_EMIT_LOC_STRINGS = YES;
				SWIFT_VERSION = 5.0;
				TARGETED_DEVICE_FAMILY = "1,2";
			};
			name = Release;
		};
/* End XCBuildConfiguration section */

/* Begin XCConfigurationList section */
		1AAE11A32C9B40B600AF1F39 /* Build configuration list for PBXProject "TennisGame" */ = {
			isa = XCConfigurationList;
			buildConfigurations = (
				1AAE11BA2C9B40B900AF1F39 /* Debug */,
				1AAE11BB2C9B40B900AF1F39 /* Release */,
			);
			defaultConfigurationIsVisible = 0;
			defaultConfigurationName = Release;
		};
		1AAE11BC2C9B40B900AF1F39 /* Build configuration list for PBXNativeTarget "TennisGame" */ = {
			isa = XCConfigurationList;
			buildConfigurations = (
				1AAE11BD2C9B40B900AF1F39 /* Debug */,
				1AAE11BE2C9B40B900AF1F39 /* Release */,
			);
			defaultConfigurationIsVisible = 0;
			defaultConfigurationName = Release;
		};
/* End XCConfigurationList section */

/* Begin XCRemoteSwiftPackageReference section */
		1A4768462CA0BF33004BD6BB /* XCRemoteSwiftPackageReference "SnapKit" */ = {
			isa = XCRemoteSwiftPackageReference;
			repositoryURL = "https://github.com/SnapKit/SnapKit";
			requirement = {
				kind = upToNextMajorVersion;
				minimumVersion = 5.7.1;
			};
		};
/* End XCRemoteSwiftPackageReference section */

/* Begin XCSwiftPackageProductDependency section */
		1A4768472CA0BF33004BD6BB /* SnapKit */ = {
			isa = XCSwiftPackageProductDependency;
			package = 1A4768462CA0BF33004BD6BB /* XCRemoteSwiftPackageReference "SnapKit" */;
			productName = SnapKit;
		};
/* End XCSwiftPackageProductDependency section */
	};
	rootObject = 1AAE11A02C9B40B600AF1F39 /* Project object */;
}
